
Microsoft Visual Studio Solution File, Format Version 12.00
Project("{FAE04EC0-301F-11D3-BF4B-00C04F79EFBC}") = "Movies.Api", "src\Movies.Api\Movies.Api.csproj", "{D778A15A-D43C-4B62-8EE8-7E2FB613CF4A}"
EndProject
Project("{FAE04EC0-301F-11D3-BF4B-00C04F79EFBC}") = "Movies.Application", "src\Movies.Application\Movies.Application.csproj", "{D9C694D2-1E15-471A-A7E3-9CD76B0AE679}"
EndProject
Project("{FAE04EC0-301F-11D3-BF4B-00C04F79EFBC}") = "Movies.Contracts", "src\Movies.Contracts\Movies.Contracts.csproj", "{A060AAEE-D5AB-476F-A205-DA16F8B0CD09}"
EndProject
Project("{FAE04EC0-301F-11D3-BF4B-00C04F79EFBC}") = "Movies.Minimal", "Movies.Minimal\Movies.Minimal.csproj", "{FC104B72-75C9-445D-A3BA-671E6EBA088D}"
EndProject
Global
	GlobalSection(SolutionConfigurationPlatforms) = preSolution
		Debug|Any CPU = Debug|Any CPU
		Release|Any CPU = Release|Any CPU
	EndGlobalSection
	GlobalSection(ProjectConfigurationPlatforms) = postSolution
		{D778A15A-D43C-4B62-8EE8-7E2FB613CF4A}.Debug|Any CPU.ActiveCfg = Debug|Any CPU
		{D778A15A-D43C-4B62-8EE8-7E2FB613CF4A}.Debug|Any CPU.Build.0 = Debug|Any CPU
		{D778A15A-D43C-4B62-8EE8-7E2FB613CF4A}.Release|Any CPU.ActiveCfg = Release|Any CPU
		{D778A15A-D43C-4B62-8EE8-7E2FB613CF4A}.Release|Any CPU.Build.0 = Release|Any CPU
		{D9C694D2-1E15-471A-A7E3-9CD76B0AE679}.Debug|Any CPU.ActiveCfg = Debug|Any CPU
		{D9C694D2-1E15-471A-A7E3-9CD76B0AE679}.Debug|Any CPU.Build.0 = Debug|Any CPU
		{D9C694D2-1E15-471A-A7E3-9CD76B0AE679}.Release|Any CPU.ActiveCfg = Release|Any CPU
		{D9C694D2-1E15-471A-A7E3-9CD76B0AE679}.Release|Any CPU.Build.0 = Release|Any CPU
		{A060AAEE-D5AB-476F-A205-DA16F8B0CD09}.Debug|Any CPU.ActiveCfg = Debug|Any CPU
		{A060AAEE-D5AB-476F-A205-DA16F8B0CD09}.Debug|Any CPU.Build.0 = Debug|Any CPU
		{A060AAEE-D5AB-476F-A205-DA16F8B0CD09}.Release|Any CPU.ActiveCfg = Release|Any CPU
		{A060AAEE-D5AB-476F-A205-DA16F8B0CD09}.Release|Any CPU.Build.0 = Release|Any CPU
		{FC104B72-75C9-445D-A3BA-671E6EBA088D}.Debug|Any CPU.ActiveCfg = Debug|Any CPU
		{FC104B72-75C9-445D-A3BA-671E6EBA088D}.Debug|Any CPU.Build.0 = Debug|Any CPU
		{FC104B72-75C9-445D-A3BA-671E6EBA088D}.Release|Any CPU.ActiveCfg = Release|Any CPU
		{FC104B72-75C9-445D-A3BA-671E6EBA088D}.Release|Any CPU.Build.0 = Release|Any CPU
	EndGlobalSection
EndGlobal
